PODS:
  - AFNetworking (3.1.0):
    - AFNetworking/NSURLSession (= 3.1.0)
    - AFNetworking/Reachability (= 3.1.0)
    - AFNetworking/Security (= 3.1.0)
    - AFNetworking/Serialization (= 3.1.0)
    - AFNetworking/UIKit (= 3.1.0)
  - AFNetworking/NSURLSession (3.1.0):
    - AFNetworking/Reachability
    - AFNetworking/Security
    - AFNetworking/Serialization
  - AFNetworking/Reachability (3.1.0)
  - AFNetworking/Security (3.1.0)
  - AFNetworking/Serialization (3.1.0)
  - AFNetworking/UIKit (3.1.0):
    - AFNetworking/NSURLSession
  - ALAlertBanner (0.3.1)
  - KSCrash (1.15.9):
    - KSCrash/Installations (= 1.15.9)
  - KSCrash/Installations (1.15.9):
    - KSCrash/Recording
    - KSCrash/Reporting
  - KSCrash/Recording (1.15.9):
    - KSCrash/Recording/Tools (= 1.15.9)
  - KSCrash/Recording/Tools (1.15.9)
  - KSCrash/Reporting (1.15.9):
    - KSCrash/Recording
    - KSCrash/Reporting/Filters (= 1.15.9)
    - KSCrash/Reporting/MessageUI (= 1.15.9)
    - KSCrash/Reporting/Sinks (= 1.15.9)
    - KSCrash/Reporting/Tools (= 1.15.9)
  - KSCrash/Reporting/Filters (1.15.9):
    - KSCrash/Recording
    - KSCrash/Reporting/Filters/Alert (= 1.15.9)
    - KSCrash/Reporting/Filters/AppleFmt (= 1.15.9)
    - KSCrash/Reporting/Filters/Base (= 1.15.9)
    - KSCrash/Reporting/Filters/Basic (= 1.15.9)
    - KSCrash/Reporting/Filters/GZip (= 1.15.9)
    - KSCrash/Reporting/Filters/JSON (= 1.15.9)
    - KSCrash/Reporting/Filters/Sets (= 1.15.9)
    - KSCrash/Reporting/Filters/Stringify (= 1.15.9)
    - KSCrash/Reporting/Filters/Tools (= 1.15.9)
  - KSCrash/Reporting/Filters/Alert (1.15.9):
    - KSCrash/Recording
    - KSCrash/Reporting/Filters/Base
  - KSCrash/Reporting/Filters/AppleFmt (1.15.9):
    - KSCrash/Recording
    - KSCrash/Reporting/Filters/Base
  - KSCrash/Reporting/Filters/Base (1.15.9):
    - KSCrash/Recording
  - KSCrash/Reporting/Filters/Basic (1.15.9):
    - KSCrash/Recording
    - KSCrash/Reporting/Filters/Base
  - KSCrash/Reporting/Filters/GZip (1.15.9):
    - KSCrash/Recording
    - KSCrash/Reporting/Filters/Base
  - KSCrash/Reporting/Filters/JSON (1.15.9):
    - KSCrash/Recording
    - KSCrash/Reporting/Filters/Base
  - KSCrash/Reporting/Filters/Sets (1.15.9):
    - KSCrash/Recording
    - KSCrash/Reporting/Filters/AppleFmt
    - KSCrash/Reporting/Filters/Base
    - KSCrash/Reporting/Filters/Basic
    - KSCrash/Reporting/Filters/GZip
    - KSCrash/Reporting/Filters/JSON
    - KSCrash/Reporting/Filters/Stringify
  - KSCrash/Reporting/Filters/Stringify (1.15.9):
    - KSCrash/Recording
    - KSCrash/Reporting/Filters/Base
  - KSCrash/Reporting/Filters/Tools (1.15.9):
    - KSCrash/Recording
  - KSCrash/Reporting/MessageUI (1.15.9):
    - KSCrash/Recording
  - KSCrash/Reporting/Sinks (1.15.9):
    - KSCrash/Recording
    - KSCrash/Reporting/Filters
    - KSCrash/Reporting/Tools
  - KSCrash/Reporting/Tools (1.15.9):
    - KSCrash/Recording
  - ReachabilitySwift (3)
  - Realm (2.7.0):
    - Realm/Headers (= 2.7.0)
  - Realm/Headers (2.7.0)
  - SDWebImage (4.0.0):
    - SDWebImage/Core (= 4.0.0)
  - SDWebImage/Core (4.0.0)
  - SMobiLog (0.1.5):
    - KSCrash
    - Realm
  - SVPullToRefresh (0.4.1)

DEPENDENCIES:
  - AFNetworking
  - ALAlertBanner
  - ReachabilitySwift
  - Realm
  - SDWebImage
  - SMobiLog
  - SVPullToRefresh

SPEC CHECKSUMS:
  AFNetworking: 5e0e199f73d8626b11e79750991f5d173d1f8b67
  ALAlertBanner: 08d82be509cd9b70c4ac0ee1e7ac250003a8b34b
  KSCrash: d3e2bfd20728b8772a796809bbc5bf7ed040fa94
  ReachabilitySwift: f5b9bb30a0777fac8f09ce8b067e32faeb29bb64
  Realm: 07e5d3a9e0e41d65fd5f9f05150ed6295d0f093b
  SDWebImage: 76a6348bdc74eb5a55dd08a091ef298e56b55e41
  SMobiLog: a68583406720f2a1f0b135a2fd7d5bd49a30dee4
  SVPullToRefresh: ba2e718695a43253d8bea6852d2960097dc15d8c

PODFILE CHECKSUM: fa0feeddff832e872a9d57a764901e0605b5130a

COCOAPODS: 1.2.1
